
Microsoft Visual Studio Solution File, Format Version 12.00
# Visual Studio Version 16
VisualStudioVersion = 16.0.31729.503
MinimumVisualStudioVersion = 10.0.40219.1
Project("{FAE04EC0-301F-11D3-BF4B-00C04F79EFBC}") = "SampleDemoApplication", "SampleDemoApplication\SampleDemoApplication.csproj", "{97542733-0922-4093-B866-40F7C1316527}"
EndProject
Global
	GlobalSection(SolutionConfigurationPlatforms) = preSolution
		Debug|Any CPU = Debug|Any CPU
		Release|Any CPU = Release|Any CPU
	EndGlobalSection
	GlobalSection(ProjectConfigurationPlatforms) = postSolution
		{97542733-0922-4093-B866-40F7C1316527}.Debug|Any CPU.ActiveCfg = Debug|Any CPU
		{97542733-0922-4093-B866-40F7C1316527}.Debug|Any CPU.Build.0 = Debug|Any CPU
		{97542733-0922-4093-B866-40F7C1316527}.Release|Any CPU.ActiveCfg = Release|Any CPU
		{97542733-0922-4093-B866-40F7C1316527}.Release|Any CPU.Build.0 = Release|Any CPU
	EndGlobalSection
	GlobalSection(SolutionProperties) = preSolution
		HideSolutionNode = FALSE
	EndGlobalSection
	GlobalSection(ExtensibilityGlobals) = postSolution
		SolutionGuid = {DB550FF2-B1DD-431F-835D-95C681FE614A}
	EndGlobalSection
EndGlobal
